// !$*UTF8*$!
{
	archiveVersion = 1;
	classes = {
	};
	objectVersion = 77;
	objects = {

/* Begin PBXBuildFile section */
		022E57B66A158A489F93153E /* FocusHUD.swift in Sources */ = {isa = PBXBuildFile; fileRef = B2F8BE298DBA9DB51041E91F /* FocusHUD.swift */; };
		0893F14BF34C380303C33149 /* main.swift in Sources */ = {isa = PBXBuildFile; fileRef = 3D805A514AD2628AE0F65669 /* main.swift */; };
		0B1EBE1CDC673287809DC734 /* TasksTxtApp.swift in Sources */ = {isa = PBXBuildFile; fileRef = BB2C0E754FB9052ABE4FB1CC /* TasksTxtApp.swift */; };
		0F25649E2F17BD6794DEB5FC /* PluginRunnerSpikeWorker.app in Resources */ = {isa = PBXBuildFile; fileRef = 771AB2839D2EBAF610D84C5E /* PluginRunnerSpikeWorker.app */; settings = {ATTRIBUTES = (RemoveHeadersOnCopy, ); }; };
		10502D1FCD23810C1FA0E0D0 /* WelcomeView.swift in Sources */ = {isa = PBXBuildFile; fileRef = D3FBA8003D5BEA6A0E95831E /* WelcomeView.swift */; };
		15BC98BD2ADCEE9CD8406864 /* KeyboardShortcuts in Frameworks */ = {isa = PBXBuildFile; productRef = 12E08F2462D08FB91C54D441 /* KeyboardShortcuts */; };
		190B9A30226CC451E1AE9022 /* TasksTxtCore in Frameworks */ = {isa = PBXBuildFile; productRef = D411136A0660DC97A6F35AC4 /* TasksTxtCore */; };
		24D4A271D4F9D44F360E4AAD /* TaskFileBrowserView.swift in Sources */ = {isa = PBXBuildFile; fileRef = 3FF919F83B8C5CDD175B7D53 /* TaskFileBrowserView.swift */; };
		2508B8139B23886CCE7ADA9A /* Theme.swift in Sources */ = {isa = PBXBuildFile; fileRef = A7DEA97BAE60C0DF04858BCC /* Theme.swift */; };
		38AC135378141ADA1EAC2FFC /* main.swift in Sources */ = {isa = PBXBuildFile; fileRef = 69A64D8A93260FBB4AD87DA9 /* main.swift */; };
		5D2BE7843C23C881B1970530 /* main.swift in Sources */ = {isa = PBXBuildFile; fileRef = 87DC4F46F6AE1E1DDCDC6236 /* main.swift */; };
		5F3C3DA4493C87566FCBC117 /* ContentView.swift in Sources */ = {isa = PBXBuildFile; fileRef = 3B86CAF85692F3714DF6DFD5 /* ContentView.swift */; };
		65A68CC20DB202D093C1BB62 /* PluginRunnerXPCProtocol.swift in Sources */ = {isa = PBXBuildFile; fileRef = 1C039BD370A8988A6C29C7B6 /* PluginRunnerXPCProtocol.swift */; };
		6C0AFC52ACFBF1FAC22FBEA1 /* GlobalCapture.swift in Sources */ = {isa = PBXBuildFile; fileRef = 6EC1A512925FA0657DCEC472 /* GlobalCapture.swift */; };
		6F8756ABF81E99225C098A70 /* TaskStore.swift in Sources */ = {isa = PBXBuildFile; fileRef = C78F8FB4A692184458082E79 /* TaskStore.swift */; };
		91560A30E409CE99558D74A4 /* PluginRunnerXPCProtocol.swift in Sources */ = {isa = PBXBuildFile; fileRef = 1C039BD370A8988A6C29C7B6 /* PluginRunnerXPCProtocol.swift */; };
		A56628D9A6CB58D721823925 /* DashboardView.swift in Sources */ = {isa = PBXBuildFile; fileRef = 303E85BB36C973D970D831F5 /* DashboardView.swift */; };
		C6E50B9DD12851B1E346CFDC /* Localizable.strings in Resources */ = {isa = PBXBuildFile; fileRef = 16CC3C345675A274DADB1B5C /* Localizable.strings */; };
		D015D551450D56BAA28496DA /* txtnimal-icon-glass.png in Resources */ = {isa = PBXBuildFile; fileRef = 5FC11CBF0BFCDB869E6770C0 /* txtnimal-icon-glass.png */; };
		D9FCDB1B704CCCB4863CA2BF /* TasksTxtCore in Frameworks */ = {isa = PBXBuildFile; productRef = 9DE6AB21C9292266D4C34D50 /* TasksTxtCore */; };
		E1120B3752C65A947A9A81E0 /* txtnimal-icon-crt.png in Resources */ = {isa = PBXBuildFile; fileRef = 20C2968F02928F7C2A7104A6 /* txtnimal-icon-crt.png */; };
		E4782D661B49CB4F22BC4BE7 /* Assets.xcassets in Resources */ = {isa = PBXBuildFile; fileRef = 00053E431BEFD3075E08D0E9 /* Assets.xcassets */; };
		F323E52CFA899F54AEF4523E /* PluginPagePrototypeView.swift in Sources */ = {isa = PBXBuildFile; fileRef = 9F3BB0642D20CB45C4F759CC /* PluginPagePrototypeView.swift */; };
		F44140C6C90DCC69DDFA120D /* Views.swift in Sources */ = {isa = PBXBuildFile; fileRef = 86397E6127F43A004403705D /* Views.swift */; };
		FC97A284EBD4744F975891F7 /* PluginRunnerSpikeService.xpc in CopyFiles */ = {isa = PBXBuildFile; fileRef = 667FC9F2D745FA1C0EADB7E3 /* PluginRunnerSpikeService.xpc */; settings = {ATTRIBUTES = (CodeSignOnCopy, RemoveHeadersOnCopy, ); }; };
/* End PBXBuildFile section */

/* Begin PBXContainerItemProxy section */
		289FDD1EAFB68ED1BABB4E6F /* PBXContainerItemProxy */ = {
			isa = PBXContainerItemProxy;
			containerPortal = D4E4E1013048CD1ED1DBB3D5 /* Project object */;
			proxyType = 1;
			remoteGlobalIDString = 03A684678846E9446A601155;
			remoteInfo = PluginRunnerSpikeWorker;
		};
		A2C240DC2C5B15878FF4253F /* PBXContainerItemProxy */ = {
			isa = PBXContainerItemProxy;
			containerPortal = D4E4E1013048CD1ED1DBB3D5 /* Project object */;
			proxyType = 1;
			remoteGlobalIDString = 925CE873B2D587F8F6D448FF;
			remoteInfo = PluginRunnerSpikeService;
		};
/* End PBXContainerItemProxy section */

/* Begin PBXCopyFilesBuildPhase section */
		3FE8F552DC1BB536F57C440A /* CopyFiles */ = {
			isa = PBXCopyFilesBuildPhase;
			buildActionMask = 2147483647;
			dstPath = "$(CONTENTS_FOLDER_PATH)/XPCServices";
			dstSubfolderSpec = 16;
			files = (
				FC97A284EBD4744F975891F7 /* PluginRunnerSpikeService.xpc in CopyFiles */,
			);
			runOnlyForDeploymentPostprocessing = 0;
		};
/* End PBXCopyFilesBuildPhase section */

/* Begin PBXFileReference section */
		00053E431BEFD3075E08D0E9 /* Assets.xcassets */ = {isa = PBXFileReference; lastKnownFileType = folder.assetcatalog; path = Assets.xcassets; sourceTree = "<group>"; };
		16CC3C345675A274DADB1B5C /* Localizable.strings */ = {isa = PBXFileReference; lastKnownFileType = text.plist.strings; name = Localizable.strings; path = en.lproj/Localizable.strings; sourceTree = "<group>"; };
		1C039BD370A8988A6C29C7B6 /* PluginRunnerXPCProtocol.swift */ = {isa = PBXFileReference; lastKnownFileType = sourcecode.swift; path = PluginRunnerXPCProtocol.swift; sourceTree = "<group>"; };
		20C2968F02928F7C2A7104A6 /* txtnimal-icon-crt.png */ = {isa = PBXFileReference; lastKnownFileType = image.png; path = "txtnimal-icon-crt.png"; sourceTree = "<group>"; };
		303E85BB36C973D970D831F5 /* DashboardView.swift */ = {isa = PBXFileReference; lastKnownFileType = sourcecode.swift; path = DashboardView.swift; sourceTree = "<group>"; };
		3B86CAF85692F3714DF6DFD5 /* ContentView.swift */ = {isa = PBXFileReference; lastKnownFileType = sourcecode.swift; path = ContentView.swift; sourceTree = "<group>"; };
		3D805A514AD2628AE0F65669 /* main.swift */ = {isa = PBXFileReference; lastKnownFileType = sourcecode.swift; path = main.swift; sourceTree = "<group>"; };
		3FF919F83B8C5CDD175B7D53 /* TaskFileBrowserView.swift */ = {isa = PBXFileReference; lastKnownFileType = sourcecode.swift; path = TaskFileBrowserView.swift; sourceTree = "<group>"; };
		5FC11CBF0BFCDB869E6770C0 /* txtnimal-icon-glass.png */ = {isa = PBXFileReference; lastKnownFileType = image.png; path = "txtnimal-icon-glass.png"; sourceTree = "<group>"; };
		667FC9F2D745FA1C0EADB7E3 /* PluginRunnerSpikeService.xpc */ = {isa = PBXFileReference; explicitFileType = "wrapper.xpc-service"; includeInIndex = 0; path = PluginRunnerSpikeService.xpc; sourceTree = BUILT_PRODUCTS_DIR; };
		69A64D8A93260FBB4AD87DA9 /* main.swift */ = {isa = PBXFileReference; lastKnownFileType = sourcecode.swift; path = main.swift; sourceTree = "<group>"; };
		6CE20C4FCCC043CE3FC8FAB7 /* PluginRunnerSpikeHost.app */ = {isa = PBXFileReference; explicitFileType = wrapper.application; includeInIndex = 0; path = PluginRunnerSpikeHost.app; sourceTree = BUILT_PRODUCTS_DIR; };
		6EC1A512925FA0657DCEC472 /* GlobalCapture.swift */ = {isa = PBXFileReference; lastKnownFileType = sourcecode.swift; path = GlobalCapture.swift; sourceTree = "<group>"; };
		771AB2839D2EBAF610D84C5E /* PluginRunnerSpikeWorker.app */ = {isa = PBXFileReference; explicitFileType = wrapper.application; includeInIndex = 0; path = PluginRunnerSpikeWorker.app; sourceTree = BUILT_PRODUCTS_DIR; };
		86397E6127F43A004403705D /* Views.swift */ = {isa = PBXFileReference; lastKnownFileType = sourcecode.swift; path = Views.swift; sourceTree = "<group>"; };
		87DC4F46F6AE1E1DDCDC6236 /* main.swift */ = {isa = PBXFileReference; lastKnownFileType = sourcecode.swift; path = main.swift; sourceTree = "<group>"; };
		9F3BB0642D20CB45C4F759CC /* PluginPagePrototypeView.swift */ = {isa = PBXFileReference; lastKnownFileType = sourcecode.swift; path = PluginPagePrototypeView.swift; sourceTree = "<group>"; };
		A7ACED3599351D6F201066E5 /* TasksTxt.app */ = {isa = PBXFileReference; explicitFileType = wrapper.application; includeInIndex = 0; path = TasksTxt.app; sourceTree = BUILT_PRODUCTS_DIR; };
		A7DEA97BAE60C0DF04858BCC /* Theme.swift */ = {isa = PBXFileReference; lastKnownFileType = sourcecode.swift; path = Theme.swift; sourceTree = "<group>"; };
		B0D8DBD7275533EE37CC7C93 /* tasktxt_gui_bmad */ = {isa = PBXFileReference; lastKnownFileType = folder; name = tasktxt_gui_bmad; path = .; sourceTree = SOURCE_ROOT; };
		B2F8BE298DBA9DB51041E91F /* FocusHUD.swift */ = {isa = PBXFileReference; lastKnownFileType = sourcecode.swift; path = FocusHUD.swift; sourceTree = "<group>"; };
		BB2C0E754FB9052ABE4FB1CC /* TasksTxtApp.swift */ = {isa = PBXFileReference; lastKnownFileType = sourcecode.swift; path = TasksTxtApp.swift; sourceTree = "<group>"; };
		C78F8FB4A692184458082E79 /* TaskStore.swift */ = {isa = PBXFileReference; lastKnownFileType = sourcecode.swift; path = TaskStore.swift; sourceTree = "<group>"; };
		D3FBA8003D5BEA6A0E95831E /* WelcomeView.swift */ = {isa = PBXFileReference; lastKnownFileType = sourcecode.swift; path = WelcomeView.swift; sourceTree = "<group>"; };
/* End PBXFileReference section */

/* Begin PBXFrameworksBuildPhase section */
		331630F0596AC7352412D0B2 /* Frameworks */ = {
			isa = PBXFrameworksBuildPhase;
			buildActionMask = 2147483647;
			files = (
				D9FCDB1B704CCCB4863CA2BF /* TasksTxtCore in Frameworks */,
			);
			runOnlyForDeploymentPostprocessing = 0;
		};
		7B7A2D4B212A80D65E4A8B98 /* Frameworks */ = {
			isa = PBXFrameworksBuildPhase;
			buildActionMask = 2147483647;
			files = (
				190B9A30226CC451E1AE9022 /* TasksTxtCore in Frameworks */,
				15BC98BD2ADCEE9CD8406864 /* KeyboardShortcuts in Frameworks */,
			);
			runOnlyForDeploymentPostprocessing = 0;
		};
/* End PBXFrameworksBuildPhase section */

/* Begin PBXGroup section */
		045E6669F808B8A29D618424 /* App */ = {
			isa = PBXGroup;
			children = (
				00053E431BEFD3075E08D0E9 /* Assets.xcassets */,
				3B86CAF85692F3714DF6DFD5 /* ContentView.swift */,
				303E85BB36C973D970D831F5 /* DashboardView.swift */,
				B2F8BE298DBA9DB51041E91F /* FocusHUD.swift */,
				6EC1A512925FA0657DCEC472 /* GlobalCapture.swift */,
				16CC3C345675A274DADB1B5C /* Localizable.strings */,
				3FF919F83B8C5CDD175B7D53 /* TaskFileBrowserView.swift */,
				C78F8FB4A692184458082E79 /* TaskStore.swift */,
				BB2C0E754FB9052ABE4FB1CC /* TasksTxtApp.swift */,
				A7DEA97BAE60C0DF04858BCC /* Theme.swift */,
				86397E6127F43A004403705D /* Views.swift */,
				D3FBA8003D5BEA6A0E95831E /* WelcomeView.swift */,
				9167D14064A102997518AC73 /* Plugins */,
				2254F774104CDA9E7A3F72D9 /* Resources */,
			);
			path = App;
			sourceTree = "<group>";
		};
		1680AB97028EC87D68401DC3 /* Shared */ = {
			isa = PBXGroup;
			children = (
				1C039BD370A8988A6C29C7B6 /* PluginRunnerXPCProtocol.swift */,
			);
			path = Shared;
			sourceTree = "<group>";
		};
		2254F774104CDA9E7A3F72D9 /* Resources */ = {
			isa = PBXGroup;
			children = (
				20C2968F02928F7C2A7104A6 /* txtnimal-icon-crt.png */,
				5FC11CBF0BFCDB869E6770C0 /* txtnimal-icon-glass.png */,
			);
			path = Resources;
			sourceTree = "<group>";
		};
		40879F13E6B6DFA5D7F218D1 = {
			isa = PBXGroup;
			children = (
				045E6669F808B8A29D618424 /* App */,
				8DFE482178BE2320AFF63F03 /* Packages */,
				8A1F1A07580C3139CD4EAE25 /* PluginRunnerSpike */,
				837FC6EB07D75A6A77AAFDA6 /* Products */,
			);
			sourceTree = "<group>";
		};
		6027BE49FF15E8CA9769727A /* Worker */ = {
			isa = PBXGroup;
			children = (
				69A64D8A93260FBB4AD87DA9 /* main.swift */,
			);
			path = Worker;
			sourceTree = "<group>";
		};
		7FE6C19D334C20384834A353 /* Host */ = {
			isa = PBXGroup;
			children = (
				3D805A514AD2628AE0F65669 /* main.swift */,
			);
			path = Host;
			sourceTree = "<group>";
		};
		837FC6EB07D75A6A77AAFDA6 /* Products */ = {
			isa = PBXGroup;
			children = (
				6CE20C4FCCC043CE3FC8FAB7 /* PluginRunnerSpikeHost.app */,
				667FC9F2D745FA1C0EADB7E3 /* PluginRunnerSpikeService.xpc */,
				771AB2839D2EBAF610D84C5E /* PluginRunnerSpikeWorker.app */,
				A7ACED3599351D6F201066E5 /* TasksTxt.app */,
			);
			name = Products;
			sourceTree = "<group>";
		};
		8A1F1A07580C3139CD4EAE25 /* PluginRunnerSpike */ = {
			isa = PBXGroup;
			children = (
				7FE6C19D334C20384834A353 /* Host */,
				E445E40144000D3ABFEEB34C /* Service */,
				1680AB97028EC87D68401DC3 /* Shared */,
				6027BE49FF15E8CA9769727A /* Worker */,
			);
			path = PluginRunnerSpike;
			sourceTree = "<group>";
		};
		8DFE482178BE2320AFF63F03 /* Packages */ = {
			isa = PBXGroup;
			children = (
				B0D8DBD7275533EE37CC7C93 /* tasktxt_gui_bmad */,
			);
			name = Packages;
			sourceTree = "<group>";
		};
		9167D14064A102997518AC73 /* Plugins */ = {
			isa = PBXGroup;
			children = (
				9F3BB0642D20CB45C4F759CC /* PluginPagePrototypeView.swift */,
			);
			path = Plugins;
			sourceTree = "<group>";
		};
		E445E40144000D3ABFEEB34C /* Service */ = {
			isa = PBXGroup;
			children = (
				87DC4F46F6AE1E1DDCDC6236 /* main.swift */,
			);
			path = Service;
			sourceTree = "<group>";
		};
/* End PBXGroup section */

/* Begin PBXNativeTarget section */
		03A684678846E9446A601155 /* PluginRunnerSpikeWorker */ = {
			isa = PBXNativeTarget;
			buildConfigurationList = EA857A8930B111F9D809CC00 /* Build configuration list for PBXNativeTarget "PluginRunnerSpikeWorker" */;
			buildPhases = (
				A2553FE807A1F558C589A8C8 /* Sources */,
			);
			buildRules = (
			);
			dependencies = (
			);
			name = PluginRunnerSpikeWorker;
			packageProductDependencies = (
			);
			productName = PluginRunnerSpikeWorker;
			productReference = 771AB2839D2EBAF610D84C5E /* PluginRunnerSpikeWorker.app */;
			productType = "com.apple.product-type.application";
		};
		62AD5DE4D39A91215132EB58 /* TasksTxt */ = {
			isa = PBXNativeTarget;
			buildConfigurationList = 3FDCECAC47A676D0EA4C672D /* Build configuration list for PBXNativeTarget "TasksTxt" */;
			buildPhases = (
				4CD6E38247EFF5E19313E4E6 /* Sources */,
				F04FD923DF13FA8594518514 /* Resources */,
				7B7A2D4B212A80D65E4A8B98 /* Frameworks */,
			);
			buildRules = (
			);
			dependencies = (
			);
			name = TasksTxt;
			packageProductDependencies = (
				D411136A0660DC97A6F35AC4 /* TasksTxtCore */,
				12E08F2462D08FB91C54D441 /* KeyboardShortcuts */,
			);
			productName = TasksTxt;
			productReference = A7ACED3599351D6F201066E5 /* TasksTxt.app */;
			productType = "com.apple.product-type.application";
		};
		925CE873B2D587F8F6D448FF /* PluginRunnerSpikeService */ = {
			isa = PBXNativeTarget;
			buildConfigurationList = D190895C870271E06FEA9C85 /* Build configuration list for PBXNativeTarget "PluginRunnerSpikeService" */;
			buildPhases = (
				3BFDBDE5FCE90C6D64156427 /* Sources */,
				C8A9160A2DBA8D1113DC800A /* Resources */,
			);
			buildRules = (
			);
			dependencies = (
				715CD197A692D197C7A688BC /* PBXTargetDependency */,
			);
			name = PluginRunnerSpikeService;
			packageProductDependencies = (
			);
			productName = PluginRunnerSpikeService;
			productReference = 667FC9F2D745FA1C0EADB7E3 /* PluginRunnerSpikeService.xpc */;
			productType = "com.apple.product-type.xpc-service";
		};
		A931EB72EE11437F735E1C58 /* PluginRunnerSpikeHost */ = {
			isa = PBXNativeTarget;
			buildConfigurationList = 4291FFBB407F285900627C2B /* Build configuration list for PBXNativeTarget "PluginRunnerSpikeHost" */;
			buildPhases = (
				1D6F96F60CF81638EF10D92D /* Sources */,
				3FE8F552DC1BB536F57C440A /* CopyFiles */,
				331630F0596AC7352412D0B2 /* Frameworks */,
			);
			buildRules = (
			);
			dependencies = (
				A043323BA5866BFFCE5C3F3E /* PBXTargetDependency */,
			);
			name = PluginRunnerSpikeHost;
			packageProductDependencies = (
				9DE6AB21C9292266D4C34D50 /* TasksTxtCore */,
			);
			productName = PluginRunnerSpikeHost;
			productReference = 6CE20C4FCCC043CE3FC8FAB7 /* PluginRunnerSpikeHost.app */;
			productType = "com.apple.product-type.application";
		};
/* End PBXNativeTarget section */

/* Begin PBXProject section */
		D4E4E1013048CD1ED1DBB3D5 /* Project object */ = {
			isa = PBXProject;
			attributes = {
				BuildIndependentTargetsInParallel = YES;
				LastUpgradeCheck = 1430;
				TargetAttributes = {
					03A684678846E9446A601155 = {
						ProvisioningStyle = Manual;
					};
					62AD5DE4D39A91215132EB58 = {
						ProvisioningStyle = Manual;
					};
					925CE873B2D587F8F6D448FF = {
						ProvisioningStyle = Manual;
					};
					A931EB72EE11437F735E1C58 = {
						ProvisioningStyle = Manual;
					};
				};
			};
			buildConfigurationList = 7038587853857599F136CD65 /* Build configuration list for PBXProject "TasksTxt" */;
			developmentRegion = "zh-Hant";
			hasScannedForEncodings = 0;
			knownRegions = (
				Base,
				en,
				"zh-Hant",
			);
			mainGroup = 40879F13E6B6DFA5D7F218D1;
			minimizedProjectReferenceProxies = 1;
			packageReferences = (
				A81888C6F68061E016B57530 /* XCRemoteSwiftPackageReference "KeyboardShortcuts" */,
				DFE996ACB3BBEB1CBBFA6E46 /* XCLocalSwiftPackageReference "." */,
			);
			preferredProjectObjectVersion = 77;
			productRefGroup = 837FC6EB07D75A6A77AAFDA6 /* Products */;
			projectDirPath = "";
			projectRoot = "";
			targets = (
				A931EB72EE11437F735E1C58 /* PluginRunnerSpikeHost */,
				925CE873B2D587F8F6D448FF /* PluginRunnerSpikeService */,
				03A684678846E9446A601155 /* PluginRunnerSpikeWorker */,
				62AD5DE4D39A91215132EB58 /* TasksTxt */,
			);
		};
/* End PBXProject section */

/* Begin PBXResourcesBuildPhase section */
		C8A9160A2DBA8D1113DC800A /* Resources */ = {
			isa = PBXResourcesBuildPhase;
			buildActionMask = 2147483647;
			files = (
				0F25649E2F17BD6794DEB5FC /* PluginRunnerSpikeWorker.app in Resources */,
			);
			runOnlyForDeploymentPostprocessing = 0;
		};
		F04FD923DF13FA8594518514 /* Resources */ = {
			isa = PBXResourcesBuildPhase;
			buildActionMask = 2147483647;
			files = (
				E4782D661B49CB4F22BC4BE7 /* Assets.xcassets in Resources */,
				C6E50B9DD12851B1E346CFDC /* Localizable.strings in Resources */,
				E1120B3752C65A947A9A81E0 /* txtnimal-icon-crt.png in Resources */,
				D015D551450D56BAA28496DA /* txtnimal-icon-glass.png in Resources */,
			);
			runOnlyForDeploymentPostprocessing = 0;
		};
/* End PBXResourcesBuildPhase section */

/* Begin PBXSourcesBuildPhase section */
		1D6F96F60CF81638EF10D92D /* Sources */ = {
			isa = PBXSourcesBuildPhase;
			buildActionMask = 2147483647;
			files = (
				91560A30E409CE99558D74A4 /* PluginRunnerXPCProtocol.swift in Sources */,
				0893F14BF34C380303C33149 /* main.swift in Sources */,
			);
			runOnlyForDeploymentPostprocessing = 0;
		};
		3BFDBDE5FCE90C6D64156427 /* Sources */ = {
			isa = PBXSourcesBuildPhase;
			buildActionMask = 2147483647;
			files = (
				65A68CC20DB202D093C1BB62 /* PluginRunnerXPCProtocol.swift in Sources */,
				5D2BE7843C23C881B1970530 /* main.swift in Sources */,
			);
			runOnlyForDeploymentPostprocessing = 0;
		};
		4CD6E38247EFF5E19313E4E6 /* Sources */ = {
			isa = PBXSourcesBuildPhase;
			buildActionMask = 2147483647;
			files = (
				5F3C3DA4493C87566FCBC117 /* ContentView.swift in Sources */,
				A56628D9A6CB58D721823925 /* DashboardView.swift in Sources */,
				022E57B66A158A489F93153E /* FocusHUD.swift in Sources */,
				6C0AFC52ACFBF1FAC22FBEA1 /* GlobalCapture.swift in Sources */,
				F323E52CFA899F54AEF4523E /* PluginPagePrototypeView.swift in Sources */,
				24D4A271D4F9D44F360E4AAD /* TaskFileBrowserView.swift in Sources */,
				6F8756ABF81E99225C098A70 /* TaskStore.swift in Sources */,
				0B1EBE1CDC673287809DC734 /* TasksTxtApp.swift in Sources */,
				2508B8139B23886CCE7ADA9A /* Theme.swift in Sources */,
				F44140C6C90DCC69DDFA120D /* Views.swift in Sources */,
				10502D1FCD23810C1FA0E0D0 /* WelcomeView.swift in Sources */,
			);
			runOnlyForDeploymentPostprocessing = 0;
		};
		A2553FE807A1F558C589A8C8 /* Sources */ = {
			isa = PBXSourcesBuildPhase;
			buildActionMask = 2147483647;
			files = (
				38AC135378141ADA1EAC2FFC /* main.swift in Sources */,
			);
			runOnlyForDeploymentPostprocessing = 0;
		};
/* End PBXSourcesBuildPhase section */

/* Begin PBXTargetDependency section */
		715CD197A692D197C7A688BC /* PBXTargetDependency */ = {
			isa = PBXTargetDependency;
			target = 03A684678846E9446A601155 /* PluginRunnerSpikeWorker */;
			targetProxy = 289FDD1EAFB68ED1BABB4E6F /* PBXContainerItemProxy */;
		};
		A043323BA5866BFFCE5C3F3E /* PBXTargetDependency */ = {
			isa = PBXTargetDependency;
			target = 925CE873B2D587F8F6D448FF /* PluginRunnerSpikeService */;
			targetProxy = A2C240DC2C5B15878FF4253F /* PBXContainerItemProxy */;
		};
/* End PBXTargetDependency section */

/* Begin XCBuildConfiguration section */
		00428D606F1E9BA7BFE4C754 /* Debug */ = {
			isa = XCBuildConfiguration;
			buildSettings = {
				ASSETCATALOG_COMPILER_APPICON_NAME = AppIcon;
				CODE_SIGNING_ALLOWED = YES;
				CODE_SIGNING_REQUIRED = NO;
				CODE_SIGN_IDENTITY = "-";
				CODE_SIGN_STYLE = Manual;
				COMBINE_HIDPI_IMAGES = YES;
				CURRENT_PROJECT_VERSION = 1;
				ENABLE_APP_SANDBOX = NO;
				ENABLE_HARDENED_RUNTIME = NO;
				GENERATE_INFOPLIST_FILE = YES;
				INFOPLIST_KEY_LSApplicationCategoryType = "public.app-category.productivity";
				INFOPLIST_KEY_NSHumanReadableCopyright = "";
				LD_RUNPATH_SEARCH_PATHS = (
					"$(inherited)",
					"@executable_path/../Frameworks",
				);
				MARKETING_VERSION = 0.1;
				PRODUCT_BUNDLE_IDENTIFIER = app.taskstxt.TasksTxt;
				PRODUCT_NAME = txtnimal;
				SDKROOT = macosx;
				SWIFT_VERSION = 5.0;
			};
			name = Debug;
		};
		153873A8D21F9F6DA5E51342 /* Release */ = {
			isa = XCBuildConfiguration;
			buildSettings = {
				ALWAYS_SEARCH_USER_PATHS = NO;
				CLANG_ANALYZER_NONNULL = YES;
				CLANG_ANALYZER_NUMBER_OBJECT_CONVERSION = YES_AGGRESSIVE;
				CLANG_CXX_LANGUAGE_STANDARD = "gnu++14";
				CLANG_CXX_LIBRARY = "libc++";
				CLANG_ENABLE_MODULES = YES;
				CLANG_ENABLE_OBJC_ARC = YES;
				CLANG_ENABLE_OBJC_WEAK = YES;
				CLANG_WARN_BLOCK_CAPTURE_AUTORELEASING = YES;
				CLANG_WARN_BOOL_CONVERSION = YES;
				CLANG_WARN_COMMA = YES;
				CLANG_WARN_CONSTANT_CONVERSION = YES;
				CLANG_WARN_DEPRECATED_OBJC_IMPLEMENTATIONS = YES;
				CLANG_WARN_DIRECT_OBJC_ISA_USAGE = YES_ERROR;
				CLANG_WARN_DOCUMENTATION_COMMENTS = YES;
				CLANG_WARN_EMPTY_BODY = YES;
				CLANG_WARN_ENUM_CONVERSION = YES;
				CLANG_WARN_INFINITE_RECURSION = YES;
				CLANG_WARN_INT_CONVERSION = YES;
				CLANG_WARN_NON_LITERAL_NULL_CONVERSION = YES;
				CLANG_WARN_OBJC_IMPLICIT_RETAIN_SELF = YES;
				CLANG_WARN_OBJC_LITERAL_CONVERSION = YES;
				CLANG_WARN_OBJC_ROOT_CLASS = YES_ERROR;
				CLANG_WARN_QUOTED_INCLUDE_IN_FRAMEWORK_HEADER = YES;
				CLANG_WARN_RANGE_LOOP_ANALYSIS = YES;
				CLANG_WARN_STRICT_PROTOTYPES = YES;
				CLANG_WARN_SUSPICIOUS_MOVE = YES;
				CLANG_WARN_UNGUARDED_AVAILABILITY = YES_AGGRESSIVE;
				CLANG_WARN_UNREACHABLE_CODE = YES;
				CLANG_WARN__DUPLICATE_METHOD_MATCH = YES;
				COPY_PHASE_STRIP = NO;
				DEBUG_INFORMATION_FORMAT = "dwarf-with-dsym";
				ENABLE_NS_ASSERTIONS = NO;
				ENABLE_STRICT_OBJC_MSGSEND = YES;
				GCC_C_LANGUAGE_STANDARD = gnu11;
				GCC_NO_COMMON_BLOCKS = YES;
				GCC_WARN_64_TO_32_BIT_CONVERSION = YES;
				GCC_WARN_ABOUT_RETURN_TYPE = YES_ERROR;
				GCC_WARN_UNDECLARED_SELECTOR = YES;
				GCC_WARN_UNINITIALIZED_AUTOS = YES_AGGRESSIVE;
				GCC_WARN_UNUSED_FUNCTION = YES;
				GCC_WARN_UNUSED_VARIABLE = YES;
				MACOSX_DEPLOYMENT_TARGET = 13.0;
				MTL_ENABLE_DEBUG_INFO = NO;
				MTL_FAST_MATH = YES;
				PRODUCT_NAME = "$(TARGET_NAME)";
				SDKROOT = macosx;
				SWIFT_COMPILATION_MODE = wholemodule;
				SWIFT_OPTIMIZATION_LEVEL = "-O";
				SWIFT_VERSION = 5.0;
			};
			name = Release;
		};
		3490421874E0E239A13C3CE7 /* Release */ = {
			isa = XCBuildConfiguration;
			buildSettings = {
				ASSETCATALOG_COMPILER_APPICON_NAME = AppIcon;
				CODE_SIGN_IDENTITY = "-";
				CODE_SIGN_STYLE = Manual;
				COMBINE_HIDPI_IMAGES = YES;
				GENERATE_INFOPLIST_FILE = YES;
				LD_RUNPATH_SEARCH_PATHS = (
					"$(inherited)",
					"@executable_path/../Frameworks",
				);
				PRODUCT_BUNDLE_IDENTIFIER = app.taskstxt.PluginRunnerSpikeHost;
				PRODUCT_NAME = PluginRunnerSpikeHost;
				SDKROOT = macosx;
				SWIFT_VERSION = 5.0;
			};
			name = Release;
		};
		41AC8FC237AEE205D47E0B14 /* Release */ = {
			isa = XCBuildConfiguration;
			buildSettings = {
				ASSETCATALOG_COMPILER_APPICON_NAME = AppIcon;
				CODE_SIGNING_ALLOWED = YES;
				CODE_SIGNING_REQUIRED = NO;
				CODE_SIGN_IDENTITY = "-";
				CODE_SIGN_STYLE = Manual;
				COMBINE_HIDPI_IMAGES = YES;
				COPY_PHASE_STRIP = YES;
				CURRENT_PROJECT_VERSION = 1;
				DEAD_CODE_STRIPPING = YES;
				ENABLE_APP_SANDBOX = NO;
				ENABLE_HARDENED_RUNTIME = NO;
				GENERATE_INFOPLIST_FILE = YES;
				INFOPLIST_KEY_LSApplicationCategoryType = "public.app-category.productivity";
				INFOPLIST_KEY_NSHumanReadableCopyright = "";
				LD_RUNPATH_SEARCH_PATHS = (
					"$(inherited)",
					"@executable_path/../Frameworks",
				);
				MARKETING_VERSION = 0.1;
				PRODUCT_BUNDLE_IDENTIFIER = app.taskstxt.TasksTxt;
				PRODUCT_NAME = txtnimal;
				SDKROOT = macosx;
				STRIP_INSTALLED_PRODUCT = YES;
				SWIFT_OPTIMIZATION_LEVEL = "-Osize";
				SWIFT_VERSION = 5.0;
			};
			name = Release;
		};
		47E296310712E2BFC0A015ED /* Debug */ = {
			isa = XCBuildConfiguration;
			buildSettings = {
				ASSETCATALOG_COMPILER_APPICON_NAME = AppIcon;
				CODE_SIGN_ENTITLEMENTS = PluginRunnerSpike/Worker.entitlements;
				CODE_SIGN_IDENTITY = "-";
				CODE_SIGN_STYLE = Manual;
				COMBINE_HIDPI_IMAGES = YES;
				ENABLE_APP_SANDBOX = YES;
				INFOPLIST_FILE = "PluginRunnerSpike/Worker-Info.plist";
				LD_RUNPATH_SEARCH_PATHS = (
					"$(inherited)",
					"@executable_path/../Frameworks",
				);
				PRODUCT_BUNDLE_IDENTIFIER = app.taskstxt.PluginRunnerSpikeWorker;
				PRODUCT_NAME = PluginRunnerSpikeWorker;
				SDKROOT = macosx;
				SWIFT_VERSION = 5.0;
			};
			name = Debug;
		};
		493D6DB8163BD5CCC56E4AA4 /* Release */ = {
			isa = XCBuildConfiguration;
			buildSettings = {
				CODE_SIGN_IDENTITY = "-";
				CODE_SIGN_STYLE = Manual;
				COMBINE_HIDPI_IMAGES = YES;
				ENABLE_APP_SANDBOX = NO;
				GENERATE_INFOPLIST_FILE = YES;
				INFOPLIST_FILE = "PluginRunnerSpike/Service-Info.plist";
				LD_RUNPATH_SEARCH_PATHS = (
					"$(inherited)",
					"@executable_path/../Frameworks",
				);
				PRODUCT_BUNDLE_IDENTIFIER = app.taskstxt.PluginRunnerSpikeService;
				PRODUCT_NAME = PluginRunnerSpikeService;
				SDKROOT = macosx;
				SWIFT_VERSION = 5.0;
			};
			name = Release;
		};
		5EA9FAB5D40749A7F3B94E77 /* Debug */ = {
			isa = XCBuildConfiguration;
			buildSettings = {
				CODE_SIGN_IDENTITY = "-";
				CODE_SIGN_STYLE = Manual;
				COMBINE_HIDPI_IMAGES = YES;
				ENABLE_APP_SANDBOX = NO;
				GENERATE_INFOPLIST_FILE = YES;
				INFOPLIST_FILE = "PluginRunnerSpike/Service-Info.plist";
				LD_RUNPATH_SEARCH_PATHS = (
					"$(inherited)",
					"@executable_path/../Frameworks",
				);
				PRODUCT_BUNDLE_IDENTIFIER = app.taskstxt.PluginRunnerSpikeService;
				PRODUCT_NAME = PluginRunnerSpikeService;
				SDKROOT = macosx;
				SWIFT_VERSION = 5.0;
			};
			name = Debug;
		};
		91E271A81AD483625FDBF31F /* Debug */ = {
			isa = XCBuildConfiguration;
			buildSettings = {
				ALWAYS_SEARCH_USER_PATHS = NO;
				CLANG_ANALYZER_NONNULL = YES;
				CLANG_ANALYZER_NUMBER_OBJECT_CONVERSION = YES_AGGRESSIVE;
				CLANG_CXX_LANGUAGE_STANDARD = "gnu++14";
				CLANG_CXX_LIBRARY = "libc++";
				CLANG_ENABLE_MODULES = YES;
				CLANG_ENABLE_OBJC_ARC = YES;
				CLANG_ENABLE_OBJC_WEAK = YES;
				CLANG_WARN_BLOCK_CAPTURE_AUTORELEASING = YES;
				CLANG_WARN_BOOL_CONVERSION = YES;
				CLANG_WARN_COMMA = YES;
				CLANG_WARN_CONSTANT_CONVERSION = YES;
				CLANG_WARN_DEPRECATED_OBJC_IMPLEMENTATIONS = YES;
				CLANG_WARN_DIRECT_OBJC_ISA_USAGE = YES_ERROR;
				CLANG_WARN_DOCUMENTATION_COMMENTS = YES;
				CLANG_WARN_EMPTY_BODY = YES;
				CLANG_WARN_ENUM_CONVERSION = YES;
				CLANG_WARN_INFINITE_RECURSION = YES;
				CLANG_WARN_INT_CONVERSION = YES;
				CLANG_WARN_NON_LITERAL_NULL_CONVERSION = YES;
				CLANG_WARN_OBJC_IMPLICIT_RETAIN_SELF = YES;
				CLANG_WARN_OBJC_LITERAL_CONVERSION = YES;
				CLANG_WARN_OBJC_ROOT_CLASS = YES_ERROR;
				CLANG_WARN_QUOTED_INCLUDE_IN_FRAMEWORK_HEADER = YES;
				CLANG_WARN_RANGE_LOOP_ANALYSIS = YES;
				CLANG_WARN_STRICT_PROTOTYPES = YES;
				CLANG_WARN_SUSPICIOUS_MOVE = YES;
				CLANG_WARN_UNGUARDED_AVAILABILITY = YES_AGGRESSIVE;
				CLANG_WARN_UNREACHABLE_CODE = YES;
				CLANG_WARN__DUPLICATE_METHOD_MATCH = YES;
				COPY_PHASE_STRIP = NO;
				DEBUG_INFORMATION_FORMAT = dwarf;
				ENABLE_STRICT_OBJC_MSGSEND = YES;
				ENABLE_TESTABILITY = YES;
				GCC_C_LANGUAGE_STANDARD = gnu11;
				GCC_DYNAMIC_NO_PIC = NO;
				GCC_NO_COMMON_BLOCKS = YES;
				GCC_OPTIMIZATION_LEVEL = 0;
				GCC_PREPROCESSOR_DEFINITIONS = (
					"$(inherited)",
					"DEBUG=1",
				);
				GCC_WARN_64_TO_32_BIT_CONVERSION = YES;
				GCC_WARN_ABOUT_RETURN_TYPE = YES_ERROR;
				GCC_WARN_UNDECLARED_SELECTOR = YES;
				GCC_WARN_UNINITIALIZED_AUTOS = YES_AGGRESSIVE;
				GCC_WARN_UNUSED_FUNCTION = YES;
				GCC_WARN_UNUSED_VARIABLE = YES;
				MACOSX_DEPLOYMENT_TARGET = 13.0;
				MTL_ENABLE_DEBUG_INFO = INCLUDE_SOURCE;
				MTL_FAST_MATH = YES;
				ONLY_ACTIVE_ARCH = YES;
				PRODUCT_NAME = "$(TARGET_NAME)";
				SDKROOT = macosx;
				SWIFT_ACTIVE_COMPILATION_CONDITIONS = DEBUG;
				SWIFT_OPTIMIZATION_LEVEL = "-Onone";
				SWIFT_VERSION = 5.0;
			};
			name = Debug;
		};
		99CCA27302467A41DA5B5AB8 /* Release */ = {
			isa = XCBuildConfiguration;
			buildSettings = {
				ASSETCATALOG_COMPILER_APPICON_NAME = AppIcon;
				CODE_SIGN_ENTITLEMENTS = PluginRunnerSpike/Worker.entitlements;
				CODE_SIGN_IDENTITY = "-";
				CODE_SIGN_STYLE = Manual;
				COMBINE_HIDPI_IMAGES = YES;
				ENABLE_APP_SANDBOX = YES;
				INFOPLIST_FILE = "PluginRunnerSpike/Worker-Info.plist";
				LD_RUNPATH_SEARCH_PATHS = (
					"$(inherited)",
					"@executable_path/../Frameworks",
				);
				PRODUCT_BUNDLE_IDENTIFIER = app.taskstxt.PluginRunnerSpikeWorker;
				PRODUCT_NAME = PluginRunnerSpikeWorker;
				SDKROOT = macosx;
				SWIFT_VERSION = 5.0;
			};
			name = Release;
		};
		FF884262FB83A4CF1C85D80A /* Debug */ = {
			isa = XCBuildConfiguration;
			buildSettings = {
				ASSETCATALOG_COMPILER_APPICON_NAME = AppIcon;
				CODE_SIGN_IDENTITY = "-";
				CODE_SIGN_STYLE = Manual;
				COMBINE_HIDPI_IMAGES = YES;
				GENERATE_INFOPLIST_FILE = YES;
				LD_RUNPATH_SEARCH_PATHS = (
					"$(inherited)",
					"@executable_path/../Frameworks",
				);
				PRODUCT_BUNDLE_IDENTIFIER = app.taskstxt.PluginRunnerSpikeHost;
				PRODUCT_NAME = PluginRunnerSpikeHost;
				SDKROOT = macosx;
				SWIFT_VERSION = 5.0;
			};
			name = Debug;
		};
/* End XCBuildConfiguration section */

/* Begin XCConfigurationList section */
		3FDCECAC47A676D0EA4C672D /* Build configuration list for PBXNativeTarget "TasksTxt" */ = {
			isa = XCConfigurationList;
			buildConfigurations = (
				00428D606F1E9BA7BFE4C754 /* Debug */,
				41AC8FC237AEE205D47E0B14 /* Release */,
			);
			defaultConfigurationIsVisible = 0;
			defaultConfigurationName = Debug;
		};
		4291FFBB407F285900627C2B /* Build configuration list for PBXNativeTarget "PluginRunnerSpikeHost" */ = {
			isa = XCConfigurationList;
			buildConfigurations = (
				FF884262FB83A4CF1C85D80A /* Debug */,
				3490421874E0E239A13C3CE7 /* Release */,
			);
			defaultConfigurationIsVisible = 0;
			defaultConfigurationName = Debug;
		};
		7038587853857599F136CD65 /* Build configuration list for PBXProject "TasksTxt" */ = {
			isa = XCConfigurationList;
			buildConfigurations = (
				91E271A81AD483625FDBF31F /* Debug */,
				153873A8D21F9F6DA5E51342 /* Release */,
			);
			defaultConfigurationIsVisible = 0;
			defaultConfigurationName = Debug;
		};
		D190895C870271E06FEA9C85 /* Build configuration list for PBXNativeTarget "PluginRunnerSpikeService" */ = {
			isa = XCConfigurationList;
			buildConfigurations = (
				5EA9FAB5D40749A7F3B94E77 /* Debug */,
				493D6DB8163BD5CCC56E4AA4 /* Release */,
			);
			defaultConfigurationIsVisible = 0;
			defaultConfigurationName = Debug;
		};
		EA857A8930B111F9D809CC00 /* Build configuration list for PBXNativeTarget "PluginRunnerSpikeWorker" */ = {
			isa = XCConfigurationList;
			buildConfigurations = (
				47E296310712E2BFC0A015ED /* Debug */,
				99CCA27302467A41DA5B5AB8 /* Release */,
			);
			defaultConfigurationIsVisible = 0;
			defaultConfigurationName = Debug;
		};
/* End XCConfigurationList section */

/* Begin XCLocalSwiftPackageReference section */
		DFE996ACB3BBEB1CBBFA6E46 /* XCLocalSwiftPackageReference "." */ = {
			isa = XCLocalSwiftPackageReference;
			relativePath = .;
		};
/* End XCLocalSwiftPackageReference section */

/* Begin XCRemoteSwiftPackageReference section */
		A81888C6F68061E016B57530 /* XCRemoteSwiftPackageReference "KeyboardShortcuts" */ = {
			isa = XCRemoteSwiftPackageReference;
			repositoryURL = "https://github.com/sindresorhus/KeyboardShortcuts";
			requirement = {
				kind = upToNextMajorVersion;
				minimumVersion = 2.0.0;
			};
		};
/* End XCRemoteSwiftPackageReference section */

/* Begin XCSwiftPackageProductDependency section */
		12E08F2462D08FB91C54D441 /* KeyboardShortcuts */ = {
			isa = XCSwiftPackageProductDependency;
			package = A81888C6F68061E016B57530 /* XCRemoteSwiftPackageReference "KeyboardShortcuts" */;
			productName = KeyboardShortcuts;
		};
		9DE6AB21C9292266D4C34D50 /* TasksTxtCore */ = {
			isa = XCSwiftPackageProductDependency;
			productName = TasksTxtCore;
		};
		D411136A0660DC97A6F35AC4 /* TasksTxtCore */ = {
			isa = XCSwiftPackageProductDependency;
			productName = TasksTxtCore;
		};
/* End XCSwiftPackageProductDependency section */
	};
	rootObject = D4E4E1013048CD1ED1DBB3D5 /* Project object */;
}
